
Microsoft Visual Studio Solution File, Format Version 12.00
# Visual Studio 2013
VisualStudioVersion = 12.0.30501.0
MinimumVisualStudioVersion = 10.0.40219.1
Project("{FAE04EC0-301F-11D3-BF4B-00C04F79EFBC}") = "EnterSentials.Framework", "EnterSentials.Framework\EnterSentials.Framework.csproj", "{8884AAD1-AC1D-41E9-BBC5-4F4BB38A02CD}"
EndProject
Project("{FAE04EC0-301F-11D3-BF4B-00C04F79EFBC}") = "EnterSentials.Framework.Services.WCF", "EnterSentials.Framework.Services.WCF\EnterSentials.Framework.Services.WCF.csproj", "{160A6A5C-2C46-4BF3-9E17-3198DE2EBFBD}"
EndProject
Project("{FAE04EC0-301F-11D3-BF4B-00C04F79EFBC}") = "EnterSentials.Framework.EntLib", "EnterSentials.Framework.EntLib\EnterSentials.Framework.EntLib.csproj", "{9B40094A-A516-401C-A3FD-A8BA2287C4DF}"
EndProject
Project("{FAE04EC0-301F-11D3-BF4B-00C04F79EFBC}") = "EnterSentials.Framework.Domain.EF", "EnterSentials.Framework.Domain.EF\EnterSentials.Framework.Domain.EF.csproj", "{6766C04D-6F54-4937-8C05-32414E99C32B}"
EndProject
Project("{FAE04EC0-301F-11D3-BF4B-00C04F79EFBC}") = "EnterSentials.Framework.Azure", "EnterSentials.Framework.Azure\EnterSentials.Framework.Azure.csproj", "{CAB9830F-90E8-43E1-B65B-1845D90ACFCA}"
EndProject
Project("{FAE04EC0-301F-11D3-BF4B-00C04F79EFBC}") = "EnterSentials.Framework.EmitMapper", "EnterSentials.Framework.EmitMapper\EnterSentials.Framework.EmitMapper.csproj", "{E6158673-92EE-48BD-BECF-7D57CF72F0C8}"
EndProject
Project("{2150E333-8FDC-42A3-9474-1A3956D46DE8}") = "Framework", "Framework", "{B264FA18-7E1C-4CB8-975C-774A5C94371E}"
EndProject
Project("{2150E333-8FDC-42A3-9474-1A3956D46DE8}") = "ThirdPartyImplementations", "ThirdPartyImplementations", "{A303FF6D-C7AC-4A5D-8E27-9386B68F6BED}"
EndProject
Project("{2150E333-8FDC-42A3-9474-1A3956D46DE8}") = "Unity", "Unity", "{ABE81B87-FE4F-448D-8D23-3630E21D46D9}"
EndProject
Project("{FAE04EC0-301F-11D3-BF4B-00C04F79EFBC}") = "EnterSentials.Framework.Services.ThirdPartyIntegration.Unity", "EnterSentials.Framework.Services.ThirdPartyIntegration.Unity\EnterSentials.Framework.Services.ThirdPartyIntegration.Unity.csproj", "{1DB8BBA5-8CE5-470D-90A6-AAA77502E31C}"
EndProject
Project("{FAE04EC0-301F-11D3-BF4B-00C04F79EFBC}") = "EnterSentials.Framework.Services.WCF.Unity", "EnterSentials.Framework.Services.WCF.Unity\EnterSentials.Framework.Services.WCF.Unity.csproj", "{CF12F47B-987E-4BA8-A7F0-898646181D15}"
EndProject
Project("{FAE04EC0-301F-11D3-BF4B-00C04F79EFBC}") = "EnterSentials.Framework.ThirdPartyIntegration.Unity", "EnterSentials.Framework.ThirdPartyIntegration.Unity\EnterSentials.Framework.ThirdPartyIntegration.Unity.csproj", "{9533019A-69C9-4A58-8638-ABC9FC2CAD76}"
EndProject
Project("{FAE04EC0-301F-11D3-BF4B-00C04F79EFBC}") = "EnterSentials.Framework.Unity", "EnterSentials.Framework.Unity\EnterSentials.Framework.Unity.csproj", "{A329372B-633E-444A-BD2B-2452A210678B}"
EndProject
Project("{FAE04EC0-301F-11D3-BF4B-00C04F79EFBC}") = "EnterSentials.Framework.Web.AspNet", "EnterSentials.Framework.Web.AspNet\EnterSentials.Framework.Web.AspNet.csproj", "{F1716D18-4813-404D-AF37-595699E102EE}"
EndProject
Project("{FAE04EC0-301F-11D3-BF4B-00C04F79EFBC}") = "EnterSentials.Framework.Newtonsoft", "EnterSentials.Framework.Newtonsoft\EnterSentials.Framework.Newtonsoft.csproj", "{6B6B0C3E-3685-462E-BAEC-95ADF6D13E7B}"
EndProject
Project("{FAE04EC0-301F-11D3-BF4B-00C04F79EFBC}") = "EnterSentials.Framework.SendGrid", "EnterSentials.Framework.SendGrid\EnterSentials.Framework.SendGrid.csproj", "{CD54D08F-F191-4864-9381-714A50D01F7C}"
EndProject
Global
	GlobalSection(SolutionConfigurationPlatforms) = preSolution
		Debug|Any CPU = Debug|Any CPU
		Release|Any CPU = Release|Any CPU
	EndGlobalSection
	GlobalSection(ProjectConfigurationPlatforms) = postSolution
		{8884AAD1-AC1D-41E9-BBC5-4F4BB38A02CD}.Debug|Any CPU.ActiveCfg = Debug|Any CPU
		{8884AAD1-AC1D-41E9-BBC5-4F4BB38A02CD}.Debug|Any CPU.Build.0 = Debug|Any CPU
		{8884AAD1-AC1D-41E9-BBC5-4F4BB38A02CD}.Release|Any CPU.ActiveCfg = Release|Any CPU
		{8884AAD1-AC1D-41E9-BBC5-4F4BB38A02CD}.Release|Any CPU.Build.0 = Release|Any CPU
		{160A6A5C-2C46-4BF3-9E17-3198DE2EBFBD}.Debug|Any CPU.ActiveCfg = Debug|Any CPU
		{160A6A5C-2C46-4BF3-9E17-3198DE2EBFBD}.Debug|Any CPU.Build.0 = Debug|Any CPU
		{160A6A5C-2C46-4BF3-9E17-3198DE2EBFBD}.Release|Any CPU.ActiveCfg = Release|Any CPU
		{160A6A5C-2C46-4BF3-9E17-3198DE2EBFBD}.Release|Any CPU.Build.0 = Release|Any CPU
		{9B40094A-A516-401C-A3FD-A8BA2287C4DF}.Debug|Any CPU.ActiveCfg = Debug|Any CPU
		{9B40094A-A516-401C-A3FD-A8BA2287C4DF}.Debug|Any CPU.Build.0 = Debug|Any CPU
		{9B40094A-A516-401C-A3FD-A8BA2287C4DF}.Release|Any CPU.ActiveCfg = Release|Any CPU
		{9B40094A-A516-401C-A3FD-A8BA2287C4DF}.Release|Any CPU.Build.0 = Release|Any CPU
		{6766C04D-6F54-4937-8C05-32414E99C32B}.Debug|Any CPU.ActiveCfg = Debug|Any CPU
		{6766C04D-6F54-4937-8C05-32414E99C32B}.Debug|Any CPU.Build.0 = Debug|Any CPU
		{6766C04D-6F54-4937-8C05-32414E99C32B}.Release|Any CPU.ActiveCfg = Release|Any CPU
		{6766C04D-6F54-4937-8C05-32414E99C32B}.Release|Any CPU.Build.0 = Release|Any CPU
		{CAB9830F-90E8-43E1-B65B-1845D90ACFCA}.Debug|Any CPU.ActiveCfg = Debug|Any CPU
		{CAB9830F-90E8-43E1-B65B-1845D90ACFCA}.Debug|Any CPU.Build.0 = Debug|Any CPU
		{CAB9830F-90E8-43E1-B65B-1845D90ACFCA}.Release|Any CPU.ActiveCfg = Release|Any CPU
		{CAB9830F-90E8-43E1-B65B-1845D90ACFCA}.Release|Any CPU.Build.0 = Release|Any CPU
		{E6158673-92EE-48BD-BECF-7D57CF72F0C8}.Debug|Any CPU.ActiveCfg = Debug|Any CPU
		{E6158673-92EE-48BD-BECF-7D57CF72F0C8}.Debug|Any CPU.Build.0 = Debug|Any CPU
		{E6158673-92EE-48BD-BECF-7D57CF72F0C8}.Release|Any CPU.ActiveCfg = Release|Any CPU
		{E6158673-92EE-48BD-BECF-7D57CF72F0C8}.Release|Any CPU.Build.0 = Release|Any CPU
		{1DB8BBA5-8CE5-470D-90A6-AAA77502E31C}.Debug|Any CPU.ActiveCfg = Debug|Any CPU
		{1DB8BBA5-8CE5-470D-90A6-AAA77502E31C}.Debug|Any CPU.Build.0 = Debug|Any CPU
		{1DB8BBA5-8CE5-470D-90A6-AAA77502E31C}.Release|Any CPU.ActiveCfg = Release|Any CPU
		{1DB8BBA5-8CE5-470D-90A6-AAA77502E31C}.Release|Any CPU.Build.0 = Release|Any CPU
		{CF12F47B-987E-4BA8-A7F0-898646181D15}.Debug|Any CPU.ActiveCfg = Debug|Any CPU
		{CF12F47B-987E-4BA8-A7F0-898646181D15}.Debug|Any CPU.Build.0 = Debug|Any CPU
		{CF12F47B-987E-4BA8-A7F0-898646181D15}.Release|Any CPU.ActiveCfg = Release|Any CPU
		{CF12F47B-987E-4BA8-A7F0-898646181D15}.Release|Any CPU.Build.0 = Release|Any CPU
		{9533019A-69C9-4A58-8638-ABC9FC2CAD76}.Debug|Any CPU.ActiveCfg = Debug|Any CPU
		{9533019A-69C9-4A58-8638-ABC9FC2CAD76}.Debug|Any CPU.Build.0 = Debug|Any CPU
		{9533019A-69C9-4A58-8638-ABC9FC2CAD76}.Release|Any CPU.ActiveCfg = Release|Any CPU
		{9533019A-69C9-4A58-8638-ABC9FC2CAD76}.Release|Any CPU.Build.0 = Release|Any CPU
		{A329372B-633E-444A-BD2B-2452A210678B}.Debug|Any CPU.ActiveCfg = Debug|Any CPU
		{A329372B-633E-444A-BD2B-2452A210678B}.Debug|Any CPU.Build.0 = Debug|Any CPU
		{A329372B-633E-444A-BD2B-2452A210678B}.Release|Any CPU.ActiveCfg = Release|Any CPU
		{A329372B-633E-444A-BD2B-2452A210678B}.Release|Any CPU.Build.0 = Release|Any CPU
		{F1716D18-4813-404D-AF37-595699E102EE}.Debug|Any CPU.ActiveCfg = Debug|Any CPU
		{F1716D18-4813-404D-AF37-595699E102EE}.Debug|Any CPU.Build.0 = Debug|Any CPU
		{F1716D18-4813-404D-AF37-595699E102EE}.Release|Any CPU.ActiveCfg = Release|Any CPU
		{F1716D18-4813-404D-AF37-595699E102EE}.Release|Any CPU.Build.0 = Release|Any CPU
		{6B6B0C3E-3685-462E-BAEC-95ADF6D13E7B}.Debug|Any CPU.ActiveCfg = Debug|Any CPU
		{6B6B0C3E-3685-462E-BAEC-95ADF6D13E7B}.Debug|Any CPU.Build.0 = Debug|Any CPU
		{6B6B0C3E-3685-462E-BAEC-95ADF6D13E7B}.Release|Any CPU.ActiveCfg = Release|Any CPU
		{6B6B0C3E-3685-462E-BAEC-95ADF6D13E7B}.Release|Any CPU.Build.0 = Release|Any CPU
		{CD54D08F-F191-4864-9381-714A50D01F7C}.Debug|Any CPU.ActiveCfg = Debug|Any CPU
		{CD54D08F-F191-4864-9381-714A50D01F7C}.Debug|Any CPU.Build.0 = Debug|Any CPU
		{CD54D08F-F191-4864-9381-714A50D01F7C}.Release|Any CPU.ActiveCfg = Release|Any CPU
		{CD54D08F-F191-4864-9381-714A50D01F7C}.Release|Any CPU.Build.0 = Release|Any CPU
	EndGlobalSection
	GlobalSection(SolutionProperties) = preSolution
		HideSolutionNode = FALSE
	EndGlobalSection
	GlobalSection(NestedProjects) = preSolution
		{8884AAD1-AC1D-41E9-BBC5-4F4BB38A02CD} = {B264FA18-7E1C-4CB8-975C-774A5C94371E}
		{160A6A5C-2C46-4BF3-9E17-3198DE2EBFBD} = {B264FA18-7E1C-4CB8-975C-774A5C94371E}
		{9B40094A-A516-401C-A3FD-A8BA2287C4DF} = {A303FF6D-C7AC-4A5D-8E27-9386B68F6BED}
		{6766C04D-6F54-4937-8C05-32414E99C32B} = {A303FF6D-C7AC-4A5D-8E27-9386B68F6BED}
		{CAB9830F-90E8-43E1-B65B-1845D90ACFCA} = {A303FF6D-C7AC-4A5D-8E27-9386B68F6BED}
		{E6158673-92EE-48BD-BECF-7D57CF72F0C8} = {A303FF6D-C7AC-4A5D-8E27-9386B68F6BED}
		{A303FF6D-C7AC-4A5D-8E27-9386B68F6BED} = {B264FA18-7E1C-4CB8-975C-774A5C94371E}
		{ABE81B87-FE4F-448D-8D23-3630E21D46D9} = {B264FA18-7E1C-4CB8-975C-774A5C94371E}
		{1DB8BBA5-8CE5-470D-90A6-AAA77502E31C} = {ABE81B87-FE4F-448D-8D23-3630E21D46D9}
		{CF12F47B-987E-4BA8-A7F0-898646181D15} = {ABE81B87-FE4F-448D-8D23-3630E21D46D9}
		{9533019A-69C9-4A58-8638-ABC9FC2CAD76} = {ABE81B87-FE4F-448D-8D23-3630E21D46D9}
		{A329372B-633E-444A-BD2B-2452A210678B} = {ABE81B87-FE4F-448D-8D23-3630E21D46D9}
		{F1716D18-4813-404D-AF37-595699E102EE} = {B264FA18-7E1C-4CB8-975C-774A5C94371E}
		{6B6B0C3E-3685-462E-BAEC-95ADF6D13E7B} = {A303FF6D-C7AC-4A5D-8E27-9386B68F6BED}
		{CD54D08F-F191-4864-9381-714A50D01F7C} = {A303FF6D-C7AC-4A5D-8E27-9386B68F6BED}
	EndGlobalSection
	GlobalSection(ExtensibilityGlobals) = postSolution
		EnterpriseLibraryConfigurationToolBinariesPathV6 = packages\EnterpriseLibrary.Common.6.0.1304.0\lib\NET45;packages\EnterpriseLibrary.ExceptionHandling.6.0.1304.0\lib\NET45
	EndGlobalSection
EndGlobal
